
Microsoft Visual Studio Solution File, Format Version 12.00
# Visual Studio Version 17
VisualStudioVersion = 17.11.35312.102
MinimumVisualStudioVersion = 10.0.40219.1
Project("{FAE04EC0-301F-11D3-BF4B-00C04F79EFBC}") = "Jogo_Genius", "Jogo_Genius.csproj", "{D638DBE2-9E04-4C13-AEBF-CE94AE96B16E}"
EndProject
Global
	GlobalSection(SolutionConfigurationPlatforms) = preSolution
		Debug|Any CPU = Debug|Any CPU
		Release|Any CPU = Release|Any CPU
	EndGlobalSection
	GlobalSection(ProjectConfigurationPlatforms) = postSolution
		{D638DBE2-9E04-4C13-AEBF-CE94AE96B16E}.Debug|Any CPU.ActiveCfg = Debug|Any CPU
		{D638DBE2-9E04-4C13-AEBF-CE94AE96B16E}.Debug|Any CPU.Build.0 = Debug|Any CPU
		{D638DBE2-9E04-4C13-AEBF-CE94AE96B16E}.Release|Any CPU.ActiveCfg = Release|Any CPU
		{D638DBE2-9E04-4C13-AEBF-CE94AE96B16E}.Release|Any CPU.Build.0 = Release|Any CPU
	EndGlobalSection
	GlobalSection(SolutionProperties) = preSolution
		HideSolutionNode = FALSE
	EndGlobalSection
	GlobalSection(ExtensibilityGlobals) = postSolution
		SolutionGuid = {C403E664-BBDE-48FA-B6BF-654F858E0035}
	EndGlobalSection
EndGlobal
